
Microsoft Visual Studio Solution File, Format Version 12.00
# Visual Studio 15
VisualStudioVersion = 15.0.27703.2035
MinimumVisualStudioVersion = 10.0.40219.1
Project("{FAE04EC0-301F-11D3-BF4B-00C04F79EFBC}") = "PoEStreamLootOverlay", "PoEStreamLootOverlay\PoEStreamLootOverlay.csproj", "{82FD9403-2616-4F07-965E-E8DE5F0B676F}"
EndProject
Global
	GlobalSection(SolutionConfigurationPlatforms) = preSolution
		Debug|Any CPU = Debug|Any CPU
		Release|Any CPU = Release|Any CPU
	EndGlobalSection
	GlobalSection(ProjectConfigurationPlatforms) = postSolution
		{82FD9403-2616-4F07-965E-E8DE5F0B676F}.Debug|Any CPU.ActiveCfg = Debug|Any CPU
		{82FD9403-2616-4F07-965E-E8DE5F0B676F}.Debug|Any CPU.Build.0 = Debug|Any CPU
		{82FD9403-2616-4F07-965E-E8DE5F0B676F}.Release|Any CPU.ActiveCfg = Release|Any CPU
		{82FD9403-2616-4F07-965E-E8DE5F0B676F}.Release|Any CPU.Build.0 = Release|Any CPU
	EndGlobalSection
	GlobalSection(SolutionProperties) = preSolution
		HideSolutionNode = FALSE
	EndGlobalSection
	GlobalSection(ExtensibilityGlobals) = postSolution
		SolutionGuid = {5A816978-91FE-4A05-8E57-FEF6BFDAB14A}
	EndGlobalSection
EndGlobal
